// !$*UTF8*$!
{
	archiveVersion = 1;
	classes = {
	};
	objectVersion = 46;
	objects = {

/* Begin PBXBuildFile section */
		6D8F05A8173AB79A0092EEB1 /* Foundation.framework in Frameworks */ = {isa = PBXBuildFile; fileRef = 6D8F05A7173AB79A0092EEB1 /* Foundation.framework */; };
		6D8F05AB173AB79A0092EEB1 /* main.m in Sources */ = {isa = PBXBuildFile; fileRef = 6D8F05AA173AB79A0092EEB1 /* main.m */; };
		6D8F05AF173AB79A0092EEB1 /* DogDemo.1 in CopyFiles */ = {isa = PBXBuildFile; fileRef = 6D8F05AE173AB79A0092EEB1 /* DogDemo.1 */; };
		6D8F05B7173AB7AF0092EEB1 /* Dog.m in Sources */ = {isa = PBXBuildFile; fileRef = 6D8F05B6173AB7AF0092EEB1 /* Dog.m */; };
		6D8F05BA173AB8AB0092EEB1 /* Person.m in Sources */ = {isa = PBXBuildFile; fileRef = 6D8F05B9173AB8AB0092EEB1 /* Person.m */; };
/* End PBXBuildFile section */

/* Begin PBXCopyFilesBuildPhase section */
		6D8F05A2173AB79A0092EEB1 /* CopyFiles */ = {
			isa = PBXCopyFilesBuildPhase;
			buildActionMask = 2147483647;
			dstPath = /usr/share/man/man1/;
			dstSubfolderSpec = 0;
			files = (
				6D8F05AF173AB79A0092EEB1 /* DogDemo.1 in CopyFiles */,
			);
			runOnlyForDeploymentPostprocessing = 1;
		};
/* End PBXCopyFilesBuildPhase section */

/* Begin PBXFileReference section */
		6D8F05A4173AB79A0092EEB1 /* DogDemo */ = {isa = PBXFileReference; explicitFileType = "compiled.mach-o.executable"; includeInIndex = 0; path = DogDemo; sourceTree = BUILT_PRODUCTS_DIR; };
		6D8F05A7173AB79A0092EEB1 /* Foundation.framework */ = {isa = PBXFileReference; lastKnownFileType = wrapper.framework; name = Foundation.framework; path = System/Library/Frameworks/Foundation.framework; sourceTree = SDKROOT; };
		6D8F05AA173AB79A0092EEB1 /* main.m */ = {isa = PBXFileReference; lastKnownFileType = sourcecode.c.objc; path = main.m; sourceTree = "<group>"; };
		6D8F05AD173AB79A0092EEB1 /* DogDemo-Prefix.pch */ = {isa = PBXFileReference; lastKnownFileType = sourcecode.c.h; path = "DogDemo-Prefix.pch"; sourceTree = "<group>"; };
		6D8F05AE173AB79A0092EEB1 /* DogDemo.1 */ = {isa = PBXFileReference; lastKnownFileType = text.man; path = DogDemo.1; sourceTree = "<group>"; };
		6D8F05B5173AB7AF0092EEB1 /* Dog.h */ = {isa = PBXFileReference; fileEncoding = 4; lastKnownFileType = sourcecode.c.h; path = Dog.h; sourceTree = "<group>"; };
		6D8F05B6173AB7AF0092EEB1 /* Dog.m */ = {isa = PBXFileReference; fileEncoding = 4; lastKnownFileType = sourcecode.c.objc; path = Dog.m; sourceTree = "<group>"; };
		6D8F05B8173AB8AB0092EEB1 /* Person.h */ = {isa = PBXFileReference; fileEncoding = 4; lastKnownFileType = sourcecode.c.h; path = Person.h; sourceTree = "<group>"; };
		6D8F05B9173AB8AB0092EEB1 /* Person.m */ = {isa = PBXFileReference; fileEncoding = 4; lastKnownFileType = sourcecode.c.objc; path = Person.m; sourceTree = "<group>"; };
/* End PBXFileReference section */

/* Begin PBXFrameworksBuildPhase section */
		6D8F05A1173AB79A0092EEB1 /* Frameworks */ = {
			isa = PBXFrameworksBuildPhase;
			buildActionMask = 2147483647;
			files = (
				6D8F05A8173AB79A0092EEB1 /* Foundation.framework in Frameworks */,
			);
			runOnlyForDeploymentPostprocessing = 0;
		};
/* End PBXFrameworksBuildPhase section */

/* Begin PBXGroup section */
		6D8F059B173AB79A0092EEB1 = {
			isa = PBXGroup;
			children = (
				6D8F05A9173AB79A0092EEB1 /* DogDemo */,
				6D8F05A6173AB79A0092EEB1 /* Frameworks */,
				6D8F05A5173AB79A0092EEB1 /* Products */,
			);
			sourceTree = "<group>";
		};
		6D8F05A5173AB79A0092EEB1 /* Products */ = {
			isa = PBXGroup;
			children = (
				6D8F05A4173AB79A0092EEB1 /* DogDemo */,
			);
			name = Products;
			sourceTree = "<group>";
		};
		6D8F05A6173AB79A0092EEB1 /* Frameworks */ = {
			isa = PBXGroup;
			children = (
				6D8F05A7173AB79A0092EEB1 /* Foundation.framework */,
			);
			name = Frameworks;
			sourceTree = "<group>";
		};
		6D8F05A9173AB79A0092EEB1 /* DogDemo */ = {
			isa = PBXGroup;
			children = (
				6D8F05AA173AB79A0092EEB1 /* main.m */,
				6D8F05AE173AB79A0092EEB1 /* DogDemo.1 */,
				6D8F05AC173AB79A0092EEB1 /* Supporting Files */,
			);
			path = DogDemo;
			sourceTree = "<group>";
		};
		6D8F05AC173AB79A0092EEB1 /* Supporting Files */ = {
			isa = PBXGroup;
			children = (
				6D8F05AD173AB79A0092EEB1 /* DogDemo-Prefix.pch */,
				6D8F05B5173AB7AF0092EEB1 /* Dog.h */,
				6D8F05B6173AB7AF0092EEB1 /* Dog.m */,
				6D8F05B8173AB8AB0092EEB1 /* Person.h */,
				6D8F05B9173AB8AB0092EEB1 /* Person.m */,
			);
			name = "Supporting Files";
			sourceTree = "<group>";
		};
/* End PBXGroup section */

/* Begin PBXNativeTarget section */
		6D8F05A3173AB79A0092EEB1 /* DogDemo */ = {
			isa = PBXNativeTarget;
			buildConfigurationList = 6D8F05B2173AB79A0092EEB1 /* Build configuration list for PBXNativeTarget "DogDemo" */;
			buildPhases = (
				6D8F05A0173AB79A0092EEB1 /* Sources */,
				6D8F05A1173AB79A0092EEB1 /* Frameworks */,
				6D8F05A2173AB79A0092EEB1 /* CopyFiles */,
			);
			buildRules = (
			);
			dependencies = (
			);
			name = DogDemo;
			productName = DogDemo;
			productReference = 6D8F05A4173AB79A0092EEB1 /* DogDemo */;
			productType = "com.apple.product-type.tool";
		};
/* End PBXNativeTarget section */

/* Begin PBXProject section */
		6D8F059C173AB79A0092EEB1 /* Project object */ = {
			isa = PBXProject;
			attributes = {
				LastUpgradeCheck = 0460;
				ORGANIZATIONNAME = "no10pc@gmail.com";
			};
			buildConfigurationList = 6D8F059F173AB79A0092EEB1 /* Build configuration list for PBXProject "DogDemo" */;
			compatibilityVersion = "Xcode 3.2";
			developmentRegion = English;
			hasScannedForEncodings = 0;
			knownRegions = (
				en,
			);
			mainGroup = 6D8F059B173AB79A0092EEB1;
			productRefGroup = 6D8F05A5173AB79A0092EEB1 /* Products */;
			projectDirPath = "";
			projectRoot = "";
			targets = (
				6D8F05A3173AB79A0092EEB1 /* DogDemo */,
			);
		};
/* End PBXProject section */

/* Begin PBXSourcesBuildPhase section */
		6D8F05A0173AB79A0092EEB1 /* Sources */ = {
			isa = PBXSourcesBuildPhase;
			buildActionMask = 2147483647;
			files = (
				6D8F05AB173AB79A0092EEB1 /* main.m in Sources */,
				6D8F05B7173AB7AF0092EEB1 /* Dog.m in Sources */,
				6D8F05BA173AB8AB0092EEB1 /* Person.m in Sources */,
			);
			runOnlyForDeploymentPostprocessing = 0;
		};
/* End PBXSourcesBuildPhase section */

/* Begin XCBuildConfiguration section */
		6D8F05B0173AB79A0092EEB1 /* Debug */ = {
			isa = XCBuildConfiguration;
			buildSettings = {
				ALWAYS_SEARCH_USER_PATHS = NO;
				ARCHS = "$(ARCHS_STANDARD_64_BIT)";
				CLANG_CXX_LANGUAGE_STANDARD = "gnu++0x";
				CLANG_CXX_LIBRARY = "libc++";
				CLANG_WARN_CONSTANT_CONVERSION = YES;
				CLANG_WARN_EMPTY_BODY = YES;
				CLANG_WARN_ENUM_CONVERSION = YES;
				CLANG_WARN_INT_CONVERSION = YES;
				CLANG_WARN__DUPLICATE_METHOD_MATCH = YES;
				COPY_PHASE_STRIP = NO;
				GCC_C_LANGUAGE_STANDARD = gnu99;
				GCC_DYNAMIC_NO_PIC = NO;
				GCC_ENABLE_OBJC_EXCEPTIONS = YES;
				GCC_OPTIMIZATION_LEVEL = 0;
				GCC_PREPROCESSOR_DEFINITIONS = (
					"DEBUG=1",
					"$(inherited)",
				);
				GCC_SYMBOLS_PRIVATE_EXTERN = NO;
				GCC_WARN_64_TO_32_BIT_CONVERSION = YES;
				GCC_WARN_ABOUT_RETURN_TYPE = YES;
				GCC_WARN_UNINITIALIZED_AUTOS = YES;
				GCC_WARN_UNUSED_VARIABLE = YES;
				MACOSX_DEPLOYMENT_TARGET = 10.8;
				ONLY_ACTIVE_ARCH = YES;
				SDKROOT = macosx;
			};
			name = Debug;
		};
		6D8F05B1173AB79A0092EEB1 /* Release */ = {
			isa = XCBuildConfiguration;
			buildSettings = {
				ALWAYS_SEARCH_USER_PATHS = NO;
				ARCHS = "$(ARCHS_STANDARD_64_BIT)";
				CLANG_CXX_LANGUAGE_STANDARD = "gnu++0x";
				CLANG_CXX_LIBRARY = "libc++";
				CLANG_WARN_CONSTANT_CONVERSION = YES;
				CLANG_WARN_EMPTY_BODY = YES;
				CLANG_WARN_ENUM_CONVERSION = YES;
				CLANG_WARN_INT_CONVERSION = YES;
				CLANG_WARN__DUPLICATE_METHOD_MATCH = YES;
				COPY_PHASE_STRIP = YES;
				DEBUG_INFORMATION_FORMAT = "dwarf-with-dsym";
				GCC_C_LANGUAGE_STANDARD = gnu99;
				GCC_ENABLE_OBJC_EXCEPTIONS = YES;
				GCC_WARN_64_TO_32_BIT_CONVERSION = YES;
				GCC_WARN_ABOUT_RETURN_TYPE = YES;
				GCC_WARN_UNINITIALIZED_AUTOS = YES;
				GCC_WARN_UNUSED_VARIABLE = YES;
				MACOSX_DEPLOYMENT_TARGET = 10.8;
				SDKROOT = macosx;
			};
			name = Release;
		};
		6D8F05B3173AB79A0092EEB1 /* Debug */ = {
			isa = XCBuildConfiguration;
			buildSettings = {
				GCC_PRECOMPILE_PREFIX_HEADER = YES;
				GCC_PREFIX_HEADER = "DogDemo/DogDemo-Prefix.pch";
				PRODUCT_NAME = "$(TARGET_NAME)";
			};
			name = Debug;
		};
		6D8F05B4173AB79A0092EEB1 /* Release */ = {
			isa = XCBuildConfiguration;
			buildSettings = {
				GCC_PRECOMPILE_PREFIX_HEADER = YES;
				GCC_PREFIX_HEADER = "DogDemo/DogDemo-Prefix.pch";
				PRODUCT_NAME = "$(TARGET_NAME)";
			};
			name = Release;
		};
/* End XCBuildConfiguration section */

/* Begin XCConfigurationList section */
		6D8F059F173AB79A0092EEB1 /* Build configuration list for PBXProject "DogDemo" */ = {
			isa = XCConfigurationList;
			buildConfigurations = (
				6D8F05B0173AB79A0092EEB1 /* Debug */,
				6D8F05B1173AB79A0092EEB1 /* Release */,
			);
			defaultConfigurationIsVisible = 0;
			defaultConfigurationName = Release;
		};
		6D8F05B2173AB79A0092EEB1 /* Build configuration list for PBXNativeTarget "DogDemo" */ = {
			isa = XCConfigurationList;
			buildConfigurations = (
				6D8F05B3173AB79A0092EEB1 /* Debug */,
				6D8F05B4173AB79A0092EEB1 /* Release */,
			);
			defaultConfigurationIsVisible = 0;
		};
/* End XCConfigurationList section */
	};
	rootObject = 6D8F059C173AB79A0092EEB1 /* Project object */;
}
